
Microsoft Visual Studio Solution File, Format Version 12.00
# Visual Studio Version 17
VisualStudioVersion = 17.5.33516.290
MinimumVisualStudioVersion = 10.0.40219.1
Project("{FAE04EC0-301F-11D3-BF4B-00C04F79EFBC}") = "Dotnet(MohirDev)_String", "Dotnet(MohirDev)_String\Dotnet(MohirDev)_String.csproj", "{9BD63F76-F30E-4024-8F31-1D5078A0C2F5}"
EndProject
Global
	GlobalSection(SolutionConfigurationPlatforms) = preSolution
		Debug|Any CPU = Debug|Any CPU
		Release|Any CPU = Release|Any CPU
	EndGlobalSection
	GlobalSection(ProjectConfigurationPlatforms) = postSolution
		{9BD63F76-F30E-4024-8F31-1D5078A0C2F5}.Debug|Any CPU.ActiveCfg = Debug|Any CPU
		{9BD63F76-F30E-4024-8F31-1D5078A0C2F5}.Debug|Any CPU.Build.0 = Debug|Any CPU
		{9BD63F76-F30E-4024-8F31-1D5078A0C2F5}.Release|Any CPU.ActiveCfg = Release|Any CPU
		{9BD63F76-F30E-4024-8F31-1D5078A0C2F5}.Release|Any CPU.Build.0 = Release|Any CPU
	EndGlobalSection
	GlobalSection(SolutionProperties) = preSolution
		HideSolutionNode = FALSE
	EndGlobalSection
	GlobalSection(ExtensibilityGlobals) = postSolution
		SolutionGuid = {D37ED154-5512-431E-AF80-3CF5283855B8}
	EndGlobalSection
EndGlobal
